
Microsoft Visual Studio Solution File, Format Version 12.00
# Visual Studio Version 16
VisualStudioVersion = 16.0.31729.503
MinimumVisualStudioVersion = 10.0.40219.1
Project("{FAE04EC0-301F-11D3-BF4B-00C04F79EFBC}") = "ImageFixer", "ImageFixer\ImageFixer.csproj", "{D973B031-FF5F-4D74-B6E1-B8A27C71BAC8}"
EndProject
Global
	GlobalSection(SolutionConfigurationPlatforms) = preSolution
		Debug|Any CPU = Debug|Any CPU
		Release|Any CPU = Release|Any CPU
	EndGlobalSection
	GlobalSection(ProjectConfigurationPlatforms) = postSolution
		{D973B031-FF5F-4D74-B6E1-B8A27C71BAC8}.Debug|Any CPU.ActiveCfg = Debug|Any CPU
		{D973B031-FF5F-4D74-B6E1-B8A27C71BAC8}.Debug|Any CPU.Build.0 = Debug|Any CPU
		{D973B031-FF5F-4D74-B6E1-B8A27C71BAC8}.Release|Any CPU.ActiveCfg = Release|Any CPU
		{D973B031-FF5F-4D74-B6E1-B8A27C71BAC8}.Release|Any CPU.Build.0 = Release|Any CPU
	EndGlobalSection
	GlobalSection(SolutionProperties) = preSolution
		HideSolutionNode = FALSE
	EndGlobalSection
	GlobalSection(ExtensibilityGlobals) = postSolution
		SolutionGuid = {D7E5A685-3C00-4807-BD80-CDC2C314EEB2}
	EndGlobalSection
EndGlobal
